
Microsoft Visual Studio Solution File, Format Version 12.00
# Visual Studio Version 16
VisualStudioVersion = 16.0.31515.178
MinimumVisualStudioVersion = 10.0.40219.1
Project("{FAE04EC0-301F-11D3-BF4B-00C04F79EFBC}") = "DotNetTrainingBatch3", "DotNetTrainingBatch3\DotNetTrainingBatch3.csproj", "{D57C3496-CD7B-4173-A472-F31950BCFB7D}"
EndProject
Project("{FAE04EC0-301F-11D3-BF4B-00C04F79EFBC}") = "TestConsole", "TestConsole\TestConsole.csproj", "{E04B5A3C-F5DE-448C-94E3-444C0B409C2A}"
EndProject
Project("{FAE04EC0-301F-11D3-BF4B-00C04F79EFBC}") = "DAL", "DAL\DAL.csproj", "{81475FB5-88BA-4EC8-9C1B-3CEC87A82B1D}"
EndProject
Project("{FAE04EC0-301F-11D3-BF4B-00C04F79EFBC}") = "WebFormsExample", "WebFormsExample\WebFormsExample.csproj", "{2E3EC091-237C-4456-9C44-F99F52DE766B}"
EndProject
Project("{FAE04EC0-301F-11D3-BF4B-00C04F79EFBC}") = "MVCExample", "MVCExample\MVCExample.csproj", "{A021A6A7-58A3-4F0F-A89C-1FA3424FF2CB}"
EndProject
Global
	GlobalSection(SolutionConfigurationPlatforms) = preSolution
		Debug|Any CPU = Debug|Any CPU
		Release|Any CPU = Release|Any CPU
	EndGlobalSection
	GlobalSection(ProjectConfigurationPlatforms) = postSolution
		{D57C3496-CD7B-4173-A472-F31950BCFB7D}.Debug|Any CPU.ActiveCfg = Debug|Any CPU
		{D57C3496-CD7B-4173-A472-F31950BCFB7D}.Debug|Any CPU.Build.0 = Debug|Any CPU
		{D57C3496-CD7B-4173-A472-F31950BCFB7D}.Release|Any CPU.ActiveCfg = Release|Any CPU
		{D57C3496-CD7B-4173-A472-F31950BCFB7D}.Release|Any CPU.Build.0 = Release|Any CPU
		{E04B5A3C-F5DE-448C-94E3-444C0B409C2A}.Debug|Any CPU.ActiveCfg = Debug|Any CPU
		{E04B5A3C-F5DE-448C-94E3-444C0B409C2A}.Debug|Any CPU.Build.0 = Debug|Any CPU
		{E04B5A3C-F5DE-448C-94E3-444C0B409C2A}.Release|Any CPU.ActiveCfg = Release|Any CPU
		{E04B5A3C-F5DE-448C-94E3-444C0B409C2A}.Release|Any CPU.Build.0 = Release|Any CPU
		{81475FB5-88BA-4EC8-9C1B-3CEC87A82B1D}.Debug|Any CPU.ActiveCfg = Debug|Any CPU
		{81475FB5-88BA-4EC8-9C1B-3CEC87A82B1D}.Debug|Any CPU.Build.0 = Debug|Any CPU
		{81475FB5-88BA-4EC8-9C1B-3CEC87A82B1D}.Release|Any CPU.ActiveCfg = Release|Any CPU
		{81475FB5-88BA-4EC8-9C1B-3CEC87A82B1D}.Release|Any CPU.Build.0 = Release|Any CPU
		{2E3EC091-237C-4456-9C44-F99F52DE766B}.Debug|Any CPU.ActiveCfg = Debug|Any CPU
		{2E3EC091-237C-4456-9C44-F99F52DE766B}.Debug|Any CPU.Build.0 = Debug|Any CPU
		{2E3EC091-237C-4456-9C44-F99F52DE766B}.Release|Any CPU.ActiveCfg = Release|Any CPU
		{2E3EC091-237C-4456-9C44-F99F52DE766B}.Release|Any CPU.Build.0 = Release|Any CPU
		{A021A6A7-58A3-4F0F-A89C-1FA3424FF2CB}.Debug|Any CPU.ActiveCfg = Debug|Any CPU
		{A021A6A7-58A3-4F0F-A89C-1FA3424FF2CB}.Debug|Any CPU.Build.0 = Debug|Any CPU
		{A021A6A7-58A3-4F0F-A89C-1FA3424FF2CB}.Release|Any CPU.ActiveCfg = Release|Any CPU
		{A021A6A7-58A3-4F0F-A89C-1FA3424FF2CB}.Release|Any CPU.Build.0 = Release|Any CPU
	EndGlobalSection
	GlobalSection(SolutionProperties) = preSolution
		HideSolutionNode = FALSE
	EndGlobalSection
	GlobalSection(ExtensibilityGlobals) = postSolution
		SolutionGuid = {DA838061-2AAC-41DA-B28B-0492D785207A}
	EndGlobalSection
EndGlobal
